
Microsoft Visual Studio Solution File, Format Version 12.00
# Visual Studio Version 17
VisualStudioVersion = 17.4.33205.214
MinimumVisualStudioVersion = 10.0.40219.1
Project("{FAE04EC0-301F-11D3-BF4B-00C04F79EFBC}") = "TennisCourtBookingAPI", "TennisCourtBookingAPI\TennisCourtBookingAPI.csproj", "{67E59CDD-66E5-4E77-9137-C568BD5D930C}"
EndProject
Global
	GlobalSection(SolutionConfigurationPlatforms) = preSolution
		Debug|Any CPU = Debug|Any CPU
		Release|Any CPU = Release|Any CPU
	EndGlobalSection
	GlobalSection(ProjectConfigurationPlatforms) = postSolution
		{67E59CDD-66E5-4E77-9137-C568BD5D930C}.Debug|Any CPU.ActiveCfg = Debug|Any CPU
		{67E59CDD-66E5-4E77-9137-C568BD5D930C}.Debug|Any CPU.Build.0 = Debug|Any CPU
		{67E59CDD-66E5-4E77-9137-C568BD5D930C}.Release|Any CPU.ActiveCfg = Release|Any CPU
		{67E59CDD-66E5-4E77-9137-C568BD5D930C}.Release|Any CPU.Build.0 = Release|Any CPU
	EndGlobalSection
	GlobalSection(SolutionProperties) = preSolution
		HideSolutionNode = FALSE
	EndGlobalSection
	GlobalSection(ExtensibilityGlobals) = postSolution
		SolutionGuid = {22FBF968-74FE-426A-9C3E-0DEBB6579A23}
	EndGlobalSection
EndGlobal
